
Microsoft Visual Studio Solution File, Format Version 12.00
# Visual Studio Version 17
VisualStudioVersion = 17.4.33205.214
MinimumVisualStudioVersion = 10.0.40219.1
Project("{9A19103F-16F7-4668-BE54-9A1E7A4F7556}") = "SignalR", "SignalR\SignalR.csproj", "{5EACF293-F569-486F-B662-8EF96216C3EF}"
EndProject
Project("{9A19103F-16F7-4668-BE54-9A1E7A4F7556}") = "SignalRWeb", "SignalRClient\SignalRWeb.csproj", "{03FD408F-A25C-4057-A74B-EAA916B10F19}"
EndProject
Global
	GlobalSection(SolutionConfigurationPlatforms) = preSolution
		Debug|Any CPU = Debug|Any CPU
		Release|Any CPU = Release|Any CPU
	EndGlobalSection
	GlobalSection(ProjectConfigurationPlatforms) = postSolution
		{5EACF293-F569-486F-B662-8EF96216C3EF}.Debug|Any CPU.ActiveCfg = Debug|Any CPU
		{5EACF293-F569-486F-B662-8EF96216C3EF}.Debug|Any CPU.Build.0 = Debug|Any CPU
		{5EACF293-F569-486F-B662-8EF96216C3EF}.Release|Any CPU.ActiveCfg = Release|Any CPU
		{5EACF293-F569-486F-B662-8EF96216C3EF}.Release|Any CPU.Build.0 = Release|Any CPU
		{03FD408F-A25C-4057-A74B-EAA916B10F19}.Debug|Any CPU.ActiveCfg = Debug|Any CPU
		{03FD408F-A25C-4057-A74B-EAA916B10F19}.Debug|Any CPU.Build.0 = Debug|Any CPU
		{03FD408F-A25C-4057-A74B-EAA916B10F19}.Release|Any CPU.ActiveCfg = Release|Any CPU
		{03FD408F-A25C-4057-A74B-EAA916B10F19}.Release|Any CPU.Build.0 = Release|Any CPU
	EndGlobalSection
	GlobalSection(SolutionProperties) = preSolution
		HideSolutionNode = FALSE
	EndGlobalSection
	GlobalSection(ExtensibilityGlobals) = postSolution
		SolutionGuid = {8E905B05-B193-4E3F-A058-3853581C277B}
	EndGlobalSection
EndGlobal
